{
  "name": "@remotedesk/dsh-plugin",
  "version": "0.3.0",
  "lockfileVersion": 3,
  "requires": true,
  "packages": {
    "": {
      "name": "@remotedesk/dsh-plugin",
      "version": "0.3.0",
      "bundleDependencies": [
        "@remotedesk/bridge-core"
      ],
      "license": "MIT",
      "dependencies": {
        "@remotedesk/bridge-core": "file:vendor/remotedesk-bridge-core-0.3.0.tgz"
      },
      "bin": {
        "remotedesk-dsh": "bin/remotedesk-dsh.mjs"
      },
      "engines": {
        "node": ">=22.16.0"
      }
    },
    "node_modules/@remotedesk/bridge-core": {
      "version": "0.3.0",
      "resolved": "file:vendor/remotedesk-bridge-core-0.3.0.tgz",
      "integrity": "sha512-PDJhJEl0D/vC1DuBbZAbalBLLulU+DY1eiTZeaJ4AJBEDgMBTVjyJtD1ESPSM17IezSq4v3YnEQ33vc1+ExGRg==",
      "inBundle": true,
      "license": "MIT",
      "engines": {
        "node": ">=22.16.0"
      }
    }
  }
}
