{
  "name": "@remotedesk/dsh-plugin",
  "version": "0.2.0",
  "lockfileVersion": 3,
  "requires": true,
  "packages": {
    "": {
      "name": "@remotedesk/dsh-plugin",
      "version": "0.2.0",
      "bundleDependencies": [
        "@remotedesk/bridge-core"
      ],
      "license": "MIT",
      "dependencies": {
        "@remotedesk/bridge-core": "file:vendor/remotedesk-bridge-core-0.2.0.tgz"
      },
      "bin": {
        "remotedesk-dsh": "bin/remotedesk-dsh.mjs"
      },
      "engines": {
        "node": ">=22.16.0"
      }
    },
    "node_modules/@remotedesk/bridge-core": {
      "version": "0.2.0",
      "resolved": "file:vendor/remotedesk-bridge-core-0.2.0.tgz",
      "integrity": "sha512-QTmP5SinVl1HTEEKPOwjBgnwi/OW8ovfCmKEZv5zHY+enpLmLOTqiW29ny1C3W42/0AXi1juon41R53W+wX6Rg==",
      "inBundle": true,
      "license": "MIT",
      "engines": {
        "node": ">=22.16.0"
      }
    }
  }
}
